
Microsoft Visual Studio Solution File, Format Version 12.00
# Visual Studio Version 17
VisualStudioVersion = 17.13.35913.81 d17.13
MinimumVisualStudioVersion = 10.0.40219.1
Project("{FAE04EC0-301F-11D3-BF4B-00C04F79EFBC}") = "ApplicantPersonalAccount.API", "ApplicantPersonalAccount.API\ApplicantPersonalAccount.API.csproj", "{F62670C4-4AD2-451F-9069-E17570D60C71}"
EndProject
Global
	GlobalSection(SolutionConfigurationPlatforms) = preSolution
		Debug|Any CPU = Debug|Any CPU
		Release|Any CPU = Release|Any CPU
	EndGlobalSection
	GlobalSection(ProjectConfigurationPlatforms) = postSolution
		{F62670C4-4AD2-451F-9069-E17570D60C71}.Debug|Any CPU.ActiveCfg = Debug|Any CPU
		{F62670C4-4AD2-451F-9069-E17570D60C71}.Debug|Any CPU.Build.0 = Debug|Any CPU
		{F62670C4-4AD2-451F-9069-E17570D60C71}.Release|Any CPU.ActiveCfg = Release|Any CPU
		{F62670C4-4AD2-451F-9069-E17570D60C71}.Release|Any CPU.Build.0 = Release|Any CPU
	EndGlobalSection
	GlobalSection(SolutionProperties) = preSolution
		HideSolutionNode = FALSE
	EndGlobalSection
	GlobalSection(ExtensibilityGlobals) = postSolution
		SolutionGuid = {D6EF282F-5BC8-4D10-B86E-0653539A5365}
	EndGlobalSection
EndGlobal
