
Microsoft Visual Studio Solution File, Format Version 12.00
# Visual Studio Version 17
VisualStudioVersion = 17.13.35913.81
MinimumVisualStudioVersion = 10.0.40219.1
Project("{FAE04EC0-301F-11D3-BF4B-00C04F79EFBC}") = "ApplicantPersonalAccount.API", "ApplicantPersonalAccount.API\ApplicantPersonalAccount.API.csproj", "{F62670C4-4AD2-451F-9069-E17570D60C71}"
EndProject
Project("{FAE04EC0-301F-11D3-BF4B-00C04F79EFBC}") = "ApplicantPersonalAccount.Application", "ApplicantPersonalAccount.Application\ApplicantPersonalAccount.Application.csproj", "{C7EA0F91-9670-421D-9370-7A09558B52D1}"
EndProject
Project("{FAE04EC0-301F-11D3-BF4B-00C04F79EFBC}") = "ApplicantPersonalAccount.Common", "ApplicantPersonalAccount.Common\ApplicantPersonalAccount.Common.csproj", "{CF49F7A3-2B7A-44DB-AB3A-F131E4293896}"
EndProject
Project("{FAE04EC0-301F-11D3-BF4B-00C04F79EFBC}") = "ApplicantPersonalAccount.Persistence", "ApplicantPersonalAccount.Persistence\ApplicantPersonalAccount.Persistence.csproj", "{4A098B89-D9F2-44D3-B723-39A492453595}"
EndProject
Project("{FAE04EC0-301F-11D3-BF4B-00C04F79EFBC}") = "ApplicantPersonalAccount.Infrastructure", "ApplicantPersonalAccount.Infrastructure\ApplicantPersonalAccount.Infrastructure.csproj", "{3993DBB9-15EE-4CD3-855A-93BB98792AD2}"
EndProject
Global
	GlobalSection(SolutionConfigurationPlatforms) = preSolution
		Debug|Any CPU = Debug|Any CPU
		Release|Any CPU = Release|Any CPU
	EndGlobalSection
	GlobalSection(ProjectConfigurationPlatforms) = postSolution
		{F62670C4-4AD2-451F-9069-E17570D60C71}.Debug|Any CPU.ActiveCfg = Debug|Any CPU
		{F62670C4-4AD2-451F-9069-E17570D60C71}.Debug|Any CPU.Build.0 = Debug|Any CPU
		{F62670C4-4AD2-451F-9069-E17570D60C71}.Release|Any CPU.ActiveCfg = Release|Any CPU
		{F62670C4-4AD2-451F-9069-E17570D60C71}.Release|Any CPU.Build.0 = Release|Any CPU
		{C7EA0F91-9670-421D-9370-7A09558B52D1}.Debug|Any CPU.ActiveCfg = Debug|Any CPU
		{C7EA0F91-9670-421D-9370-7A09558B52D1}.Debug|Any CPU.Build.0 = Debug|Any CPU
		{C7EA0F91-9670-421D-9370-7A09558B52D1}.Release|Any CPU.ActiveCfg = Release|Any CPU
		{C7EA0F91-9670-421D-9370-7A09558B52D1}.Release|Any CPU.Build.0 = Release|Any CPU
		{CF49F7A3-2B7A-44DB-AB3A-F131E4293896}.Debug|Any CPU.ActiveCfg = Debug|Any CPU
		{CF49F7A3-2B7A-44DB-AB3A-F131E4293896}.Debug|Any CPU.Build.0 = Debug|Any CPU
		{CF49F7A3-2B7A-44DB-AB3A-F131E4293896}.Release|Any CPU.ActiveCfg = Release|Any CPU
		{CF49F7A3-2B7A-44DB-AB3A-F131E4293896}.Release|Any CPU.Build.0 = Release|Any CPU
		{4A098B89-D9F2-44D3-B723-39A492453595}.Debug|Any CPU.ActiveCfg = Debug|Any CPU
		{4A098B89-D9F2-44D3-B723-39A492453595}.Debug|Any CPU.Build.0 = Debug|Any CPU
		{4A098B89-D9F2-44D3-B723-39A492453595}.Release|Any CPU.ActiveCfg = Release|Any CPU
		{4A098B89-D9F2-44D3-B723-39A492453595}.Release|Any CPU.Build.0 = Release|Any CPU
		{3993DBB9-15EE-4CD3-855A-93BB98792AD2}.Debug|Any CPU.ActiveCfg = Debug|Any CPU
		{3993DBB9-15EE-4CD3-855A-93BB98792AD2}.Debug|Any CPU.Build.0 = Debug|Any CPU
		{3993DBB9-15EE-4CD3-855A-93BB98792AD2}.Release|Any CPU.ActiveCfg = Release|Any CPU
		{3993DBB9-15EE-4CD3-855A-93BB98792AD2}.Release|Any CPU.Build.0 = Release|Any CPU
	EndGlobalSection
	GlobalSection(SolutionProperties) = preSolution
		HideSolutionNode = FALSE
	EndGlobalSection
	GlobalSection(ExtensibilityGlobals) = postSolution
		SolutionGuid = {D6EF282F-5BC8-4D10-B86E-0653539A5365}
	EndGlobalSection
EndGlobal
